
Microsoft Visual Studio Solution File, Format Version 12.00
# Visual Studio Version 16
VisualStudioVersion = 16.0.31911.196
MinimumVisualStudioVersion = 10.0.40219.1
Project("{FAE04EC0-301F-11D3-BF4B-00C04F79EFBC}") = "LawnMowing", "LawnMowing.csproj", "{734C1BFA-B525-474B-B915-1AF3327BFE76}"
EndProject
Global
	GlobalSection(SolutionConfigurationPlatforms) = preSolution
		Debug|Any CPU = Debug|Any CPU
		Release|Any CPU = Release|Any CPU
	EndGlobalSection
	GlobalSection(ProjectConfigurationPlatforms) = postSolution
		{734C1BFA-B525-474B-B915-1AF3327BFE76}.Debug|Any CPU.ActiveCfg = Debug|Any CPU
		{734C1BFA-B525-474B-B915-1AF3327BFE76}.Debug|Any CPU.Build.0 = Debug|Any CPU
		{734C1BFA-B525-474B-B915-1AF3327BFE76}.Release|Any CPU.ActiveCfg = Release|Any CPU
		{734C1BFA-B525-474B-B915-1AF3327BFE76}.Release|Any CPU.Build.0 = Release|Any CPU
	EndGlobalSection
	GlobalSection(SolutionProperties) = preSolution
		HideSolutionNode = FALSE
	EndGlobalSection
	GlobalSection(ExtensibilityGlobals) = postSolution
		SolutionGuid = {66D70B6C-23A1-4694-8A79-35798F465106}
	EndGlobalSection
EndGlobal
